// !$*UTF8*$!
{
	archiveVersion = 1;
	classes = {
	};
	objectVersion = 50;
	objects = {

/* Begin PBXBuildFile section */
		2DC8E42D22E278B900D09A19 /* AppDelegate.swift in Sources */ = {isa = PBXBuildFile; fileRef = 2DC8E42C22E278B900D09A19 /* AppDelegate.swift */; };
		2DC8E42F22E278B900D09A19 /* InventoryViewController.swift in Sources */ = {isa = PBXBuildFile; fileRef = 2DC8E42E22E278B900D09A19 /* InventoryViewController.swift */; };
		2DC8E43222E278B900D09A19 /* Main.storyboard in Resources */ = {isa = PBXBuildFile; fileRef = 2DC8E43022E278B900D09A19 /* Main.storyboard */; };
		2DC8E43522E278B900D09A19 /* Inventory.xcdatamodeld in Sources */ = {isa = PBXBuildFile; fileRef = 2DC8E43322E278B900D09A19 /* Inventory.xcdatamodeld */; };
		2DC8E43722E278BA00D09A19 /* Assets.xcassets in Resources */ = {isa = PBXBuildFile; fileRef = 2DC8E43622E278BA00D09A19 /* Assets.xcassets */; };
		2DC8E43A22E278BA00D09A19 /* LaunchScreen.storyboard in Resources */ = {isa = PBXBuildFile; fileRef = 2DC8E43822E278BA00D09A19 /* LaunchScreen.storyboard */; };
		2DC8E44522E278BA00D09A19 /* InventoryTests.swift in Sources */ = {isa = PBXBuildFile; fileRef = 2DC8E44422E278BA00D09A19 /* InventoryTests.swift */; };
		2DC8E45022E278BA00D09A19 /* InventoryUITests.swift in Sources */ = {isa = PBXBuildFile; fileRef = 2DC8E44F22E278BA00D09A19 /* InventoryUITests.swift */; };
		2DC8E45E22E2790B00D09A19 /* Inventory.swift in Sources */ = {isa = PBXBuildFile; fileRef = 2DC8E45D22E2790B00D09A19 /* Inventory.swift */; };
		2DC8E46122E2799700D09A19 /* inventory.json in Resources */ = {isa = PBXBuildFile; fileRef = 2DC8E46022E2799700D09A19 /* inventory.json */; };
/* End PBXBuildFile section */

/* Begin PBXContainerItemProxy section */
		2DC8E44122E278BA00D09A19 /* PBXContainerItemProxy */ = {
			isa = PBXContainerItemProxy;
			containerPortal = 2DC8E42122E278B900D09A19 /* Project object */;
			proxyType = 1;
			remoteGlobalIDString = 2DC8E42822E278B900D09A19;
			remoteInfo = Inventory;
		};
		2DC8E44C22E278BA00D09A19 /* PBXContainerItemProxy */ = {
			isa = PBXContainerItemProxy;
			containerPortal = 2DC8E42122E278B900D09A19 /* Project object */;
			proxyType = 1;
			remoteGlobalIDString = 2DC8E42822E278B900D09A19;
			remoteInfo = Inventory;
		};
/* End PBXContainerItemProxy section */

/* Begin PBXFileReference section */
		2DC8E42922E278B900D09A19 /* Inventory.app */ = {isa = PBXFileReference; explicitFileType = wrapper.application; includeInIndex = 0; path = Inventory.app; sourceTree = BUILT_PRODUCTS_DIR; };
		2DC8E42C22E278B900D09A19 /* AppDelegate.swift */ = {isa = PBXFileReference; lastKnownFileType = sourcecode.swift; path = AppDelegate.swift; sourceTree = "<group>"; };
		2DC8E42E22E278B900D09A19 /* InventoryViewController.swift */ = {isa = PBXFileReference; lastKnownFileType = sourcecode.swift; path = InventoryViewController.swift; sourceTree = "<group>"; };
		2DC8E43122E278B900D09A19 /* Base */ = {isa = PBXFileReference; lastKnownFileType = file.storyboard; name = Base; path = Base.lproj/Main.storyboard; sourceTree = "<group>"; };
		2DC8E43422E278B900D09A19 /* Inventory.xcdatamodel */ = {isa = PBXFileReference; lastKnownFileType = wrapper.xcdatamodel; path = Inventory.xcdatamodel; sourceTree = "<group>"; };
		2DC8E43622E278BA00D09A19 /* Assets.xcassets */ = {isa = PBXFileReference; lastKnownFileType = folder.assetcatalog; path = Assets.xcassets; sourceTree = "<group>"; };
		2DC8E43922E278BA00D09A19 /* Base */ = {isa = PBXFileReference; lastKnownFileType = file.storyboard; name = Base; path = Base.lproj/LaunchScreen.storyboard; sourceTree = "<group>"; };
		2DC8E43B22E278BA00D09A19 /* Info.plist */ = {isa = PBXFileReference; lastKnownFileType = text.plist.xml; path = Info.plist; sourceTree = "<group>"; };
		2DC8E44022E278BA00D09A19 /* InventoryTests.xctest */ = {isa = PBXFileReference; explicitFileType = wrapper.cfbundle; includeInIndex = 0; path = InventoryTests.xctest; sourceTree = BUILT_PRODUCTS_DIR; };
		2DC8E44422E278BA00D09A19 /* InventoryTests.swift */ = {isa = PBXFileReference; lastKnownFileType = sourcecode.swift; path = InventoryTests.swift; sourceTree = "<group>"; };
		2DC8E44622E278BA00D09A19 /* Info.plist */ = {isa = PBXFileReference; lastKnownFileType = text.plist.xml; path = Info.plist; sourceTree = "<group>"; };
		2DC8E44B22E278BA00D09A19 /* InventoryUITests.xctest */ = {isa = PBXFileReference; explicitFileType = wrapper.cfbundle; includeInIndex = 0; path = InventoryUITests.xctest; sourceTree = BUILT_PRODUCTS_DIR; };
		2DC8E44F22E278BA00D09A19 /* InventoryUITests.swift */ = {isa = PBXFileReference; lastKnownFileType = sourcecode.swift; path = InventoryUITests.swift; sourceTree = "<group>"; };
		2DC8E45122E278BA00D09A19 /* Info.plist */ = {isa = PBXFileReference; lastKnownFileType = text.plist.xml; path = Info.plist; sourceTree = "<group>"; };
		2DC8E45D22E2790B00D09A19 /* Inventory.swift */ = {isa = PBXFileReference; lastKnownFileType = sourcecode.swift; path = Inventory.swift; sourceTree = "<group>"; };
		2DC8E46022E2799700D09A19 /* inventory.json */ = {isa = PBXFileReference; fileEncoding = 4; lastKnownFileType = text.json; path = inventory.json; sourceTree = "<group>"; };
/* End PBXFileReference section */

/* Begin PBXFrameworksBuildPhase section */
		2DC8E42622E278B900D09A19 /* Frameworks */ = {
			isa = PBXFrameworksBuildPhase;
			buildActionMask = 2147483647;
			files = (
			);
			runOnlyForDeploymentPostprocessing = 0;
		};
		2DC8E43D22E278BA00D09A19 /* Frameworks */ = {
			isa = PBXFrameworksBuildPhase;
			buildActionMask = 2147483647;
			files = (
			);
			runOnlyForDeploymentPostprocessing = 0;
		};
		2DC8E44822E278BA00D09A19 /* Frameworks */ = {
			isa = PBXFrameworksBuildPhase;
			buildActionMask = 2147483647;
			files = (
			);
			runOnlyForDeploymentPostprocessing = 0;
		};
/* End PBXFrameworksBuildPhase section */

/* Begin PBXGroup section */
		2DC8E42022E278B900D09A19 = {
			isa = PBXGroup;
			children = (
				2DC8E42B22E278B900D09A19 /* Inventory */,
				2DC8E44322E278BA00D09A19 /* InventoryTests */,
				2DC8E44E22E278BA00D09A19 /* InventoryUITests */,
				2DC8E42A22E278B900D09A19 /* Products */,
			);
			sourceTree = "<group>";
		};
		2DC8E42A22E278B900D09A19 /* Products */ = {
			isa = PBXGroup;
			children = (
				2DC8E42922E278B900D09A19 /* Inventory.app */,
				2DC8E44022E278BA00D09A19 /* InventoryTests.xctest */,
				2DC8E44B22E278BA00D09A19 /* InventoryUITests.xctest */,
			);
			name = Products;
			sourceTree = "<group>";
		};
		2DC8E42B22E278B900D09A19 /* Inventory */ = {
			isa = PBXGroup;
			children = (
				2DC8E45F22E2791500D09A19 /* Model */,
				2DC8E42C22E278B900D09A19 /* AppDelegate.swift */,
				2DC8E42E22E278B900D09A19 /* InventoryViewController.swift */,
				2DC8E43022E278B900D09A19 /* Main.storyboard */,
				2DC8E43622E278BA00D09A19 /* Assets.xcassets */,
				2DC8E43822E278BA00D09A19 /* LaunchScreen.storyboard */,
				2DC8E43B22E278BA00D09A19 /* Info.plist */,
				2DC8E43322E278B900D09A19 /* Inventory.xcdatamodeld */,
			);
			path = Inventory;
			sourceTree = "<group>";
		};
		2DC8E44322E278BA00D09A19 /* InventoryTests */ = {
			isa = PBXGroup;
			children = (
				2DC8E44422E278BA00D09A19 /* InventoryTests.swift */,
				2DC8E44622E278BA00D09A19 /* Info.plist */,
			);
			path = InventoryTests;
			sourceTree = "<group>";
		};
		2DC8E44E22E278BA00D09A19 /* InventoryUITests */ = {
			isa = PBXGroup;
			children = (
				2DC8E44F22E278BA00D09A19 /* InventoryUITests.swift */,
				2DC8E45122E278BA00D09A19 /* Info.plist */,
			);
			path = InventoryUITests;
			sourceTree = "<group>";
		};
		2DC8E45F22E2791500D09A19 /* Model */ = {
			isa = PBXGroup;
			children = (
				2DC8E46022E2799700D09A19 /* inventory.json */,
				2DC8E45D22E2790B00D09A19 /* Inventory.swift */,
			);
			path = Model;
			sourceTree = "<group>";
		};
/* End PBXGroup section */

/* Begin PBXNativeTarget section */
		2DC8E42822E278B900D09A19 /* Inventory */ = {
			isa = PBXNativeTarget;
			buildConfigurationList = 2DC8E45422E278BA00D09A19 /* Build configuration list for PBXNativeTarget "Inventory" */;
			buildPhases = (
				2DC8E42522E278B900D09A19 /* Sources */,
				2DC8E42622E278B900D09A19 /* Frameworks */,
				2DC8E42722E278B900D09A19 /* Resources */,
			);
			buildRules = (
			);
			dependencies = (
			);
			name = Inventory;
			productName = Inventory;
			productReference = 2DC8E42922E278B900D09A19 /* Inventory.app */;
			productType = "com.apple.product-type.application";
		};
		2DC8E43F22E278BA00D09A19 /* InventoryTests */ = {
			isa = PBXNativeTarget;
			buildConfigurationList = 2DC8E45722E278BA00D09A19 /* Build configuration list for PBXNativeTarget "InventoryTests" */;
			buildPhases = (
				2DC8E43C22E278BA00D09A19 /* Sources */,
				2DC8E43D22E278BA00D09A19 /* Frameworks */,
				2DC8E43E22E278BA00D09A19 /* Resources */,
			);
			buildRules = (
			);
			dependencies = (
				2DC8E44222E278BA00D09A19 /* PBXTargetDependency */,
			);
			name = InventoryTests;
			productName = InventoryTests;
			productReference = 2DC8E44022E278BA00D09A19 /* InventoryTests.xctest */;
			productType = "com.apple.product-type.bundle.unit-test";
		};
		2DC8E44A22E278BA00D09A19 /* InventoryUITests */ = {
			isa = PBXNativeTarget;
			buildConfigurationList = 2DC8E45A22E278BA00D09A19 /* Build configuration list for PBXNativeTarget "InventoryUITests" */;
			buildPhases = (
				2DC8E44722E278BA00D09A19 /* Sources */,
				2DC8E44822E278BA00D09A19 /* Frameworks */,
				2DC8E44922E278BA00D09A19 /* Resources */,
			);
			buildRules = (
			);
			dependencies = (
				2DC8E44D22E278BA00D09A19 /* PBXTargetDependency */,
			);
			name = InventoryUITests;
			productName = InventoryUITests;
			productReference = 2DC8E44B22E278BA00D09A19 /* InventoryUITests.xctest */;
			productType = "com.apple.product-type.bundle.ui-testing";
		};
/* End PBXNativeTarget section */

/* Begin PBXProject section */
		2DC8E42122E278B900D09A19 /* Project object */ = {
			isa = PBXProject;
			attributes = {
				LastSwiftUpdateCheck = 1020;
				LastUpgradeCheck = 1020;
				ORGANIZATIONNAME = "Dale Musser";
				TargetAttributes = {
					2DC8E42822E278B900D09A19 = {
						CreatedOnToolsVersion = 10.2.1;
					};
					2DC8E43F22E278BA00D09A19 = {
						CreatedOnToolsVersion = 10.2.1;
						TestTargetID = 2DC8E42822E278B900D09A19;
					};
					2DC8E44A22E278BA00D09A19 = {
						CreatedOnToolsVersion = 10.2.1;
						TestTargetID = 2DC8E42822E278B900D09A19;
					};
				};
			};
			buildConfigurationList = 2DC8E42422E278B900D09A19 /* Build configuration list for PBXProject "Inventory" */;
			compatibilityVersion = "Xcode 9.3";
			developmentRegion = en;
			hasScannedForEncodings = 0;
			knownRegions = (
				en,
				Base,
			);
			mainGroup = 2DC8E42022E278B900D09A19;
			productRefGroup = 2DC8E42A22E278B900D09A19 /* Products */;
			projectDirPath = "";
			projectRoot = "";
			targets = (
				2DC8E42822E278B900D09A19 /* Inventory */,
				2DC8E43F22E278BA00D09A19 /* InventoryTests */,
				2DC8E44A22E278BA00D09A19 /* InventoryUITests */,
			);
		};
/* End PBXProject section */

/* Begin PBXResourcesBuildPhase section */
		2DC8E42722E278B900D09A19 /* Resources */ = {
			isa = PBXResourcesBuildPhase;
			buildActionMask = 2147483647;
			files = (
				2DC8E46122E2799700D09A19 /* inventory.json in Resources */,
				2DC8E43A22E278BA00D09A19 /* LaunchScreen.storyboard in Resources */,
				2DC8E43722E278BA00D09A19 /* Assets.xcassets in Resources */,
				2DC8E43222E278B900D09A19 /* Main.storyboard in Resources */,
			);
			runOnlyForDeploymentPostprocessing = 0;
		};
		2DC8E43E22E278BA00D09A19 /* Resources */ = {
			isa = PBXResourcesBuildPhase;
			buildActionMask = 2147483647;
			files = (
			);
			runOnlyForDeploymentPostprocessing = 0;
		};
		2DC8E44922E278BA00D09A19 /* Resources */ = {
			isa = PBXResourcesBuildPhase;
			buildActionMask = 2147483647;
			files = (
			);
			runOnlyForDeploymentPostprocessing = 0;
		};
/* End PBXResourcesBuildPhase section */

/* Begin PBXSourcesBuildPhase section */
		2DC8E42522E278B900D09A19 /* Sources */ = {
			isa = PBXSourcesBuildPhase;
			buildActionMask = 2147483647;
			files = (
				2DC8E45E22E2790B00D09A19 /* Inventory.swift in Sources */,
				2DC8E43522E278B900D09A19 /* Inventory.xcdatamodeld in Sources */,
				2DC8E42F22E278B900D09A19 /* InventoryViewController.swift in Sources */,
				2DC8E42D22E278B900D09A19 /* AppDelegate.swift in Sources */,
			);
			runOnlyForDeploymentPostprocessing = 0;
		};
		2DC8E43C22E278BA00D09A19 /* Sources */ = {
			isa = PBXSourcesBuildPhase;
			buildActionMask = 2147483647;
			files = (
				2DC8E44522E278BA00D09A19 /* InventoryTests.swift in Sources */,
			);
			runOnlyForDeploymentPostprocessing = 0;
		};
		2DC8E44722E278BA00D09A19 /* Sources */ = {
			isa = PBXSourcesBuildPhase;
			buildActionMask = 2147483647;
			files = (
				2DC8E45022E278BA00D09A19 /* InventoryUITests.swift in Sources */,
			);
			runOnlyForDeploymentPostprocessing = 0;
		};
/* End PBXSourcesBuildPhase section */

/* Begin PBXTargetDependency section */
		2DC8E44222E278BA00D09A19 /* PBXTargetDependency */ = {
			isa = PBXTargetDependency;
			target = 2DC8E42822E278B900D09A19 /* Inventory */;
			targetProxy = 2DC8E44122E278BA00D09A19 /* PBXContainerItemProxy */;
		};
		2DC8E44D22E278BA00D09A19 /* PBXTargetDependency */ = {
			isa = PBXTargetDependency;
			target = 2DC8E42822E278B900D09A19 /* Inventory */;
			targetProxy = 2DC8E44C22E278BA00D09A19 /* PBXContainerItemProxy */;
		};
/* End PBXTargetDependency section */

/* Begin PBXVariantGroup section */
		2DC8E43022E278B900D09A19 /* Main.storyboard */ = {
			isa = PBXVariantGroup;
			children = (
				2DC8E43122E278B900D09A19 /* Base */,
			);
			name = Main.storyboard;
			sourceTree = "<group>";
		};
		2DC8E43822E278BA00D09A19 /* LaunchScreen.storyboard */ = {
			isa = PBXVariantGroup;
			children = (
				2DC8E43922E278BA00D09A19 /* Base */,
			);
			name = LaunchScreen.storyboard;
			sourceTree = "<group>";
		};
/* End PBXVariantGroup section */

/* Begin XCBuildConfiguration section */
		2DC8E45222E278BA00D09A19 /* Debug */ = {
			isa = XCBuildConfiguration;
			buildSettings = {
				ALWAYS_SEARCH_USER_PATHS = NO;
				CLANG_ANALYZER_NONNULL = YES;
				CLANG_ANALYZER_NUMBER_OBJECT_CONVERSION = YES_AGGRESSIVE;
				CLANG_CXX_LANGUAGE_STANDARD = "gnu++14";
				CLANG_CXX_LIBRARY = "libc++";
				CLANG_ENABLE_MODULES = YES;
				CLANG_ENABLE_OBJC_ARC = YES;
				CLANG_ENABLE_OBJC_WEAK = YES;
				CLANG_WARN_BLOCK_CAPTURE_AUTORELEASING = YES;
				CLANG_WARN_BOOL_CONVERSION = YES;
				CLANG_WARN_COMMA = YES;
				CLANG_WARN_CONSTANT_CONVERSION = YES;
				CLANG_WARN_DEPRECATED_OBJC_IMPLEMENTATIONS = YES;
				CLANG_WARN_DIRECT_OBJC_ISA_USAGE = YES_ERROR;
				CLANG_WARN_DOCUMENTATION_COMMENTS = YES;
				CLANG_WARN_EMPTY_BODY = YES;
				CLANG_WARN_ENUM_CONVERSION = YES;
				CLANG_WARN_INFINITE_RECURSION = YES;
				CLANG_WARN_INT_CONVERSION = YES;
				CLANG_WARN_NON_LITERAL_NULL_CONVERSION = YES;
				CLANG_WARN_OBJC_IMPLICIT_RETAIN_SELF = YES;
				CLANG_WARN_OBJC_LITERAL_CONVERSION = YES;
				CLANG_WARN_OBJC_ROOT_CLASS = YES_ERROR;
				CLANG_WARN_RANGE_LOOP_ANALYSIS = YES;
				CLANG_WARN_STRICT_PROTOTYPES = YES;
				CLANG_WARN_SUSPICIOUS_MOVE = YES;
				CLANG_WARN_UNGUARDED_AVAILABILITY = YES_AGGRESSIVE;
				CLANG_WARN_UNREACHABLE_CODE = YES;
				CLANG_WARN__DUPLICATE_METHOD_MATCH = YES;
				CODE_SIGN_IDENTITY = "iPhone Developer";
				COPY_PHASE_STRIP = NO;
				DEBUG_INFORMATION_FORMAT = dwarf;
				ENABLE_STRICT_OBJC_MSGSEND = YES;
				ENABLE_TESTABILITY = YES;
				GCC_C_LANGUAGE_STANDARD = gnu11;
				GCC_DYNAMIC_NO_PIC = NO;
				GCC_NO_COMMON_BLOCKS = YES;
				GCC_OPTIMIZATION_LEVEL = 0;
				GCC_PREPROCESSOR_DEFINITIONS = (
					"DEBUG=1",
					"$(inherited)",
				);
				GCC_WARN_64_TO_32_BIT_CONVERSION = YES;
				GCC_WARN_ABOUT_RETURN_TYPE = YES_ERROR;
				GCC_WARN_UNDECLARED_SELECTOR = YES;
				GCC_WARN_UNINITIALIZED_AUTOS = YES_AGGRESSIVE;
				GCC_WARN_UNUSED_FUNCTION = YES;
				GCC_WARN_UNUSED_VARIABLE = YES;
				IPHONEOS_DEPLOYMENT_TARGET = 12.2;
				MTL_ENABLE_DEBUG_INFO = INCLUDE_SOURCE;
				MTL_FAST_MATH = YES;
				ONLY_ACTIVE_ARCH = YES;
				SDKROOT = iphoneos;
				SWIFT_ACTIVE_COMPILATION_CONDITIONS = DEBUG;
				SWIFT_OPTIMIZATION_LEVEL = "-Onone";
			};
			name = Debug;
		};
		2DC8E45322E278BA00D09A19 /* Release */ = {
			isa = XCBuildConfiguration;
			buildSettings = {
				ALWAYS_SEARCH_USER_PATHS = NO;
				CLANG_ANALYZER_NONNULL = YES;
				CLANG_ANALYZER_NUMBER_OBJECT_CONVERSION = YES_AGGRESSIVE;
				CLANG_CXX_LANGUAGE_STANDARD = "gnu++14";
				CLANG_CXX_LIBRARY = "libc++";
				CLANG_ENABLE_MODULES = YES;
				CLANG_ENABLE_OBJC_ARC = YES;
				CLANG_ENABLE_OBJC_WEAK = YES;
				CLANG_WARN_BLOCK_CAPTURE_AUTORELEASING = YES;
				CLANG_WARN_BOOL_CONVERSION = YES;
				CLANG_WARN_COMMA = YES;
				CLANG_WARN_CONSTANT_CONVERSION = YES;
				CLANG_WARN_DEPRECATED_OBJC_IMPLEMENTATIONS = YES;
				CLANG_WARN_DIRECT_OBJC_ISA_USAGE = YES_ERROR;
				CLANG_WARN_DOCUMENTATION_COMMENTS = YES;
				CLANG_WARN_EMPTY_BODY = YES;
				CLANG_WARN_ENUM_CONVERSION = YES;
				CLANG_WARN_INFINITE_RECURSION = YES;
				CLANG_WARN_INT_CONVERSION = YES;
				CLANG_WARN_NON_LITERAL_NULL_CONVERSION = YES;
				CLANG_WARN_OBJC_IMPLICIT_RETAIN_SELF = YES;
				CLANG_WARN_OBJC_LITERAL_CONVERSION = YES;
				CLANG_WARN_OBJC_ROOT_CLASS = YES_ERROR;
				CLANG_WARN_RANGE_LOOP_ANALYSIS = YES;
				CLANG_WARN_STRICT_PROTOTYPES = YES;
				CLANG_WARN_SUSPICIOUS_MOVE = YES;
				CLANG_WARN_UNGUARDED_AVAILABILITY = YES_AGGRESSIVE;
				CLANG_WARN_UNREACHABLE_CODE = YES;
				CLANG_WARN__DUPLICATE_METHOD_MATCH = YES;
				CODE_SIGN_IDENTITY = "iPhone Developer";
				COPY_PHASE_STRIP = NO;
				DEBUG_INFORMATION_FORMAT = "dwarf-with-dsym";
				ENABLE_NS_ASSERTIONS = NO;
				ENABLE_STRICT_OBJC_MSGSEND = YES;
				GCC_C_LANGUAGE_STANDARD = gnu11;
				GCC_NO_COMMON_BLOCKS = YES;
				GCC_WARN_64_TO_32_BIT_CONVERSION = YES;
				GCC_WARN_ABOUT_RETURN_TYPE = YES_ERROR;
				GCC_WARN_UNDECLARED_SELECTOR = YES;
				GCC_WARN_UNINITIALIZED_AUTOS = YES_AGGRESSIVE;
				GCC_WARN_UNUSED_FUNCTION = YES;
				GCC_WARN_UNUSED_VARIABLE = YES;
				IPHONEOS_DEPLOYMENT_TARGET = 12.2;
				MTL_ENABLE_DEBUG_INFO = NO;
				MTL_FAST_MATH = YES;
				SDKROOT = iphoneos;
				SWIFT_COMPILATION_MODE = wholemodule;
				SWIFT_OPTIMIZATION_LEVEL = "-O";
				VALIDATE_PRODUCT = YES;
			};
			name = Release;
		};
		2DC8E45522E278BA00D09A19 /* Debug */ = {
			isa = XCBuildConfiguration;
			buildSettings = {
				ASSETCATALOG_COMPILER_APPICON_NAME = AppIcon;
				CODE_SIGN_STYLE = Automatic;
				INFOPLIST_FILE = Inventory/Info.plist;
				LD_RUNPATH_SEARCH_PATHS = (
					"$(inherited)",
					"@executable_path/Frameworks",
				);
				PRODUCT_BUNDLE_IDENTIFIER = online.techinnovator.Inventory;
				PRODUCT_NAME = "$(TARGET_NAME)";
				SWIFT_VERSION = 5.0;
				TARGETED_DEVICE_FAMILY = "1,2";
			};
			name = Debug;
		};
		2DC8E45622E278BA00D09A19 /* Release */ = {
			isa = XCBuildConfiguration;
			buildSettings = {
				ASSETCATALOG_COMPILER_APPICON_NAME = AppIcon;
				CODE_SIGN_STYLE = Automatic;
				INFOPLIST_FILE = Inventory/Info.plist;
				LD_RUNPATH_SEARCH_PATHS = (
					"$(inherited)",
					"@executable_path/Frameworks",
				);
				PRODUCT_BUNDLE_IDENTIFIER = online.techinnovator.Inventory;
				PRODUCT_NAME = "$(TARGET_NAME)";
				SWIFT_VERSION = 5.0;
				TARGETED_DEVICE_FAMILY = "1,2";
			};
			name = Release;
		};
		2DC8E45822E278BA00D09A19 /* Debug */ = {
			isa = XCBuildConfiguration;
			buildSettings = {
				ALWAYS_EMBED_SWIFT_STANDARD_LIBRARIES = YES;
				BUNDLE_LOADER = "$(TEST_HOST)";
				CODE_SIGN_STYLE = Automatic;
				INFOPLIST_FILE = InventoryTests/Info.plist;
				LD_RUNPATH_SEARCH_PATHS = (
					"$(inherited)",
					"@executable_path/Frameworks",
					"@loader_path/Frameworks",
				);
				PRODUCT_BUNDLE_IDENTIFIER = online.techinnovator.InventoryTests;
				PRODUCT_NAME = "$(TARGET_NAME)";
				SWIFT_VERSION = 5.0;
				TARGETED_DEVICE_FAMILY = "1,2";
				TEST_HOST = "$(BUILT_PRODUCTS_DIR)/Inventory.app/Inventory";
			};
			name = Debug;
		};
		2DC8E45922E278BA00D09A19 /* Release */ = {
			isa = XCBuildConfiguration;
			buildSettings = {
				ALWAYS_EMBED_SWIFT_STANDARD_LIBRARIES = YES;
				BUNDLE_LOADER = "$(TEST_HOST)";
				CODE_SIGN_STYLE = Automatic;
				INFOPLIST_FILE = InventoryTests/Info.plist;
				LD_RUNPATH_SEARCH_PATHS = (
					"$(inherited)",
					"@executable_path/Frameworks",
					"@loader_path/Frameworks",
				);
				PRODUCT_BUNDLE_IDENTIFIER = online.techinnovator.InventoryTests;
				PRODUCT_NAME = "$(TARGET_NAME)";
				SWIFT_VERSION = 5.0;
				TARGETED_DEVICE_FAMILY = "1,2";
				TEST_HOST = "$(BUILT_PRODUCTS_DIR)/Inventory.app/Inventory";
			};
			name = Release;
		};
		2DC8E45B22E278BA00D09A19 /* Debug */ = {
			isa = XCBuildConfiguration;
			buildSettings = {
				ALWAYS_EMBED_SWIFT_STANDARD_LIBRARIES = YES;
				CODE_SIGN_STYLE = Automatic;
				INFOPLIST_FILE = InventoryUITests/Info.plist;
				LD_RUNPATH_SEARCH_PATHS = (
					"$(inherited)",
					"@executable_path/Frameworks",
					"@loader_path/Frameworks",
				);
				PRODUCT_BUNDLE_IDENTIFIER = online.techinnovator.InventoryUITests;
				PRODUCT_NAME = "$(TARGET_NAME)";
				SWIFT_VERSION = 5.0;
				TARGETED_DEVICE_FAMILY = "1,2";
				TEST_TARGET_NAME = Inventory;
			};
			name = Debug;
		};
		2DC8E45C22E278BA00D09A19 /* Release */ = {
			isa = XCBuildConfiguration;
			buildSettings = {
				ALWAYS_EMBED_SWIFT_STANDARD_LIBRARIES = YES;
				CODE_SIGN_STYLE = Automatic;
				INFOPLIST_FILE = InventoryUITests/Info.plist;
				LD_RUNPATH_SEARCH_PATHS = (
					"$(inherited)",
					"@executable_path/Frameworks",
					"@loader_path/Frameworks",
				);
				PRODUCT_BUNDLE_IDENTIFIER = online.techinnovator.InventoryUITests;
				PRODUCT_NAME = "$(TARGET_NAME)";
				SWIFT_VERSION = 5.0;
				TARGETED_DEVICE_FAMILY = "1,2";
				TEST_TARGET_NAME = Inventory;
			};
			name = Release;
		};
/* End XCBuildConfiguration section */

/* Begin XCConfigurationList section */
		2DC8E42422E278B900D09A19 /* Build configuration list for PBXProject "Inventory" */ = {
			isa = XCConfigurationList;
			buildConfigurations = (
				2DC8E45222E278BA00D09A19 /* Debug */,
				2DC8E45322E278BA00D09A19 /* Release */,
			);
			defaultConfigurationIsVisible = 0;
			defaultConfigurationName = Release;
		};
		2DC8E45422E278BA00D09A19 /* Build configuration list for PBXNativeTarget "Inventory" */ = {
			isa = XCConfigurationList;
			buildConfigurations = (
				2DC8E45522E278BA00D09A19 /* Debug */,
				2DC8E45622E278BA00D09A19 /* Release */,
			);
			defaultConfigurationIsVisible = 0;
			defaultConfigurationName = Release;
		};
		2DC8E45722E278BA00D09A19 /* Build configuration list for PBXNativeTarget "InventoryTests" */ = {
			isa = XCConfigurationList;
			buildConfigurations = (
				2DC8E45822E278BA00D09A19 /* Debug */,
				2DC8E45922E278BA00D09A19 /* Release */,
			);
			defaultConfigurationIsVisible = 0;
			defaultConfigurationName = Release;
		};
		2DC8E45A22E278BA00D09A19 /* Build configuration list for PBXNativeTarget "InventoryUITests" */ = {
			isa = XCConfigurationList;
			buildConfigurations = (
				2DC8E45B22E278BA00D09A19 /* Debug */,
				2DC8E45C22E278BA00D09A19 /* Release */,
			);
			defaultConfigurationIsVisible = 0;
			defaultConfigurationName = Release;
		};
/* End XCConfigurationList section */

/* Begin XCVersionGroup section */
		2DC8E43322E278B900D09A19 /* Inventory.xcdatamodeld */ = {
			isa = XCVersionGroup;
			children = (
				2DC8E43422E278B900D09A19 /* Inventory.xcdatamodel */,
			);
			currentVersion = 2DC8E43422E278B900D09A19 /* Inventory.xcdatamodel */;
			path = Inventory.xcdatamodeld;
			sourceTree = "<group>";
			versionGroupType = wrapper.xcdatamodel;
		};
/* End XCVersionGroup section */
	};
	rootObject = 2DC8E42122E278B900D09A19 /* Project object */;
}
